Microsoft Visual Studio Solution File, Format Version 12.00
# Visual Studio Version 17
VisualStudioVersion = 17.5.2.0
MinimumVisualStudioVersion = 10.0.40219.1
Project("{FAE04EC0-301F-11D3-BF4B-00C04F79EFBC}") = "webb", "webb\webb.csproj", "{5395FC95-C61C-B107-BAB0-4645E72B6BC6}"
EndProject
Global
	GlobalSection(SolutionConfigurationPlatforms) = preSolution
		Debug|Any CPU = Debug|Any CPU
		Release|Any CPU = Release|Any CPU
	EndGlobalSection
	GlobalSection(ProjectConfigurationPlatforms) = postSolution
		{5395FC95-C61C-B107-BAB0-4645E72B6BC6}.Debug|Any CPU.ActiveCfg = Debug|Any CPU
		{5395FC95-C61C-B107-BAB0-4645E72B6BC6}.Debug|Any CPU.Build.0 = Debug|Any CPU
		{5395FC95-C61C-B107-BAB0-4645E72B6BC6}.Release|Any CPU.ActiveCfg = Release|Any CPU
		{5395FC95-C61C-B107-BAB0-4645E72B6BC6}.Release|Any CPU.Build.0 = Release|Any CPU
	EndGlobalSection
	GlobalSection(SolutionProperties) = preSolution
		HideSolutionNode = FALSE
	EndGlobalSection
	GlobalSection(ExtensibilityGlobals) = postSolution
		SolutionGuid = {C128BC66-F055-4EF3-AC96-276295EF3952}
	EndGlobalSection
EndGlobal
